
Microsoft Visual Studio Solution File, Format Version 12.00
# Visual Studio Version 16
VisualStudioVersion = 16.0.30804.86
MinimumVisualStudioVersion = 10.0.40219.1
Project("{FAE04EC0-301F-11D3-BF4B-00C04F79EFBC}") = "PeliculasAPI", "PeliculasAPI\PeliculasAPI.csproj", "{412D6670-4C83-46C8-80F6-265302EDBFB8}"
EndProject
Global
	GlobalSection(SolutionConfigurationPlatforms) = preSolution
		Debug|Any CPU = Debug|Any CPU
		Release|Any CPU = Release|Any CPU
	EndGlobalSection
	GlobalSection(ProjectConfigurationPlatforms) = postSolution
		{412D6670-4C83-46C8-80F6-265302EDBFB8}.Debug|Any CPU.ActiveCfg = Debug|Any CPU
		{412D6670-4C83-46C8-80F6-265302EDBFB8}.Debug|Any CPU.Build.0 = Debug|Any CPU
		{412D6670-4C83-46C8-80F6-265302EDBFB8}.Release|Any CPU.ActiveCfg = Release|Any CPU
		{412D6670-4C83-46C8-80F6-265302EDBFB8}.Release|Any CPU.Build.0 = Release|Any CPU
	EndGlobalSection
	GlobalSection(SolutionProperties) = preSolution
		HideSolutionNode = FALSE
	EndGlobalSection
	GlobalSection(ExtensibilityGlobals) = postSolution
		SolutionGuid = {0FADB18A-23E5-4A4B-AD05-D03C9C7B4647}
	EndGlobalSection
EndGlobal
